
Microsoft Visual Studio Solution File, Format Version 12.00
# Visual Studio 15
VisualStudioVersion = 15.0.28307.136
MinimumVisualStudioVersion = 10.0.40219.1
Project("{FAE04EC0-301F-11D3-BF4B-00C04F79EFBC}") = "p3a", "p3a\p3a.csproj", "{AC55E704-E911-4E19-89AC-BE6CEC8D361A}"
EndProject
Global
	GlobalSection(SolutionConfigurationPlatforms) = preSolution
		Debug|Any CPU = Debug|Any CPU
		Release|Any CPU = Release|Any CPU
	EndGlobalSection
	GlobalSection(ProjectConfigurationPlatforms) = postSolution
		{AC55E704-E911-4E19-89AC-BE6CEC8D361A}.Debug|Any CPU.ActiveCfg = Debug|Any CPU
		{AC55E704-E911-4E19-89AC-BE6CEC8D361A}.Debug|Any CPU.Build.0 = Debug|Any CPU
		{AC55E704-E911-4E19-89AC-BE6CEC8D361A}.Release|Any CPU.ActiveCfg = Release|Any CPU
		{AC55E704-E911-4E19-89AC-BE6CEC8D361A}.Release|Any CPU.Build.0 = Release|Any CPU
	EndGlobalSection
	GlobalSection(SolutionProperties) = preSolution
		HideSolutionNode = FALSE
	EndGlobalSection
	GlobalSection(ExtensibilityGlobals) = postSolution
		SolutionGuid = {FBF704F1-6837-4018-A49F-C6679E5AC6B3}
	EndGlobalSection
EndGlobal
