
Microsoft Visual Studio Solution File, Format Version 12.00
# Visual Studio 15
VisualStudioVersion = 15.0.28010.2048
MinimumVisualStudioVersion = 10.0.40219.1
Project("{FAE04EC0-301F-11D3-BF4B-00C04F79EFBC}") = "Functions", "..\Functions\Functions.csproj", "{B0CEF5DE-EBB3-429A-83F9-4B8C3054B4EB}"
EndProject
Global
	GlobalSection(SolutionConfigurationPlatforms) = preSolution
		Debug|Any CPU = Debug|Any CPU
		Release|Any CPU = Release|Any CPU
	EndGlobalSection
	GlobalSection(ProjectConfigurationPlatforms) = postSolution
		{B0CEF5DE-EBB3-429A-83F9-4B8C3054B4EB}.Debug|Any CPU.ActiveCfg = Debug|Any CPU
		{B0CEF5DE-EBB3-429A-83F9-4B8C3054B4EB}.Debug|Any CPU.Build.0 = Debug|Any CPU
		{B0CEF5DE-EBB3-429A-83F9-4B8C3054B4EB}.Release|Any CPU.ActiveCfg = Release|Any CPU
		{B0CEF5DE-EBB3-429A-83F9-4B8C3054B4EB}.Release|Any CPU.Build.0 = Release|Any CPU
	EndGlobalSection
	GlobalSection(SolutionProperties) = preSolution
		HideSolutionNode = FALSE
	EndGlobalSection
	GlobalSection(ExtensibilityGlobals) = postSolution
		SolutionGuid = {B145A85F-152D-42EA-B45C-4B6A88365F78}
	EndGlobalSection
EndGlobal
